
Microsoft Visual Studio Solution File, Format Version 12.00
# Visual Studio Version 17
VisualStudioVersion = 17.0.31903.59
MinimumVisualStudioVersion = 10.0.40219.1
Project("{FAE04EC0-301F-11D3-BF4B-00C04F79EFBC}") = "Volunteer.Api", "Volunteer.Api\Volunteer.Api.csproj", "{46D952AB-DD4F-4CA5-9659-4697657790E7}"
EndProject
Project("{FAE04EC0-301F-11D3-BF4B-00C04F79EFBC}") = "Volunteer.Models", "Volunteer.Models\Volunteer.Models.csproj", "{D4630013-08FE-4A2B-A5E9-9DB497075803}"
EndProject
Project("{FAE04EC0-301F-11D3-BF4B-00C04F79EFBC}") = "Volunteer.Infrastructure", "Volunteer.Infrastructure\Volunteer.Infrastructure.csproj", "{46D2DB0D-ACA1-4D70-A0A2-AD2E6530C9D2}"
EndProject
Project("{FAE04EC0-301F-11D3-BF4B-00C04F79EFBC}") = "Volunteer.Mapping", "Volunteer.Mapping\Volunteer.Mapping.csproj", "{BC3D278B-4DE0-4E9B-B415-9E21B4B70B4C}"
EndProject
Project("{FAE04EC0-301F-11D3-BF4B-00C04F79EFBC}") = "Volunteer.Validators", "Volunteer.Validators\Volunteer.Validators.csproj", "{6F589007-89E9-4E05-ADC1-9F7D9D42F243}"
EndProject
Project("{FAE04EC0-301F-11D3-BF4B-00C04F79EFBC}") = "Volunteer.Tests", "Volunteer.Tests\Volunteer.Tests.csproj", "{C0E5D68D-F0CC-48DA-A16A-5B761C49441B}"
EndProject
Project("{FAE04EC0-301F-11D3-BF4B-00C04F79EFBC}") = "Volunteer.Exceptions", "Volunteer.Exceptions\Volunteer.Exceptions.csproj", "{ACF9CEBE-2D27-422E-80CE-6D7C20EC9E26}"
EndProject
Project("{2150E333-8FDC-42A3-9474-1A3956D46DE8}") = "Mobile", "Mobile", "{A8AB15BA-FED9-4475-9DB3-A6D9117DA416}"
EndProject
Project("{2150E333-8FDC-42A3-9474-1A3956D46DE8}") = "Backend", "Backend", "{5DC6EF25-C438-49C4-BDCC-C4DF3CD110C2}"
EndProject
Project("{FAE04EC0-301F-11D3-BF4B-00C04F79EFBC}") = "Volunteer.Maui", "Volunteer.Maui\Volunteer.Maui.csproj", "{CC73FEB8-5B1B-4FD8-9529-44315A4F4BA9}"
EndProject
Global
	GlobalSection(SolutionConfigurationPlatforms) = preSolution
		Debug|Any CPU = Debug|Any CPU
		Release|Any CPU = Release|Any CPU
	EndGlobalSection
	GlobalSection(SolutionProperties) = preSolution
		HideSolutionNode = FALSE
	EndGlobalSection
	GlobalSection(ProjectConfigurationPlatforms) = postSolution
		{46D952AB-DD4F-4CA5-9659-4697657790E7}.Debug|Any CPU.ActiveCfg = Debug|Any CPU
		{46D952AB-DD4F-4CA5-9659-4697657790E7}.Debug|Any CPU.Build.0 = Debug|Any CPU
		{46D952AB-DD4F-4CA5-9659-4697657790E7}.Release|Any CPU.ActiveCfg = Release|Any CPU
		{46D952AB-DD4F-4CA5-9659-4697657790E7}.Release|Any CPU.Build.0 = Release|Any CPU
		{D4630013-08FE-4A2B-A5E9-9DB497075803}.Debug|Any CPU.ActiveCfg = Debug|Any CPU
		{D4630013-08FE-4A2B-A5E9-9DB497075803}.Debug|Any CPU.Build.0 = Debug|Any CPU
		{D4630013-08FE-4A2B-A5E9-9DB497075803}.Release|Any CPU.ActiveCfg = Release|Any CPU
		{D4630013-08FE-4A2B-A5E9-9DB497075803}.Release|Any CPU.Build.0 = Release|Any CPU
		{46D2DB0D-ACA1-4D70-A0A2-AD2E6530C9D2}.Debug|Any CPU.ActiveCfg = Debug|Any CPU
		{46D2DB0D-ACA1-4D70-A0A2-AD2E6530C9D2}.Debug|Any CPU.Build.0 = Debug|Any CPU
		{46D2DB0D-ACA1-4D70-A0A2-AD2E6530C9D2}.Release|Any CPU.ActiveCfg = Release|Any CPU
		{46D2DB0D-ACA1-4D70-A0A2-AD2E6530C9D2}.Release|Any CPU.Build.0 = Release|Any CPU
		{BC3D278B-4DE0-4E9B-B415-9E21B4B70B4C}.Debug|Any CPU.ActiveCfg = Debug|Any CPU
		{BC3D278B-4DE0-4E9B-B415-9E21B4B70B4C}.Debug|Any CPU.Build.0 = Debug|Any CPU
		{BC3D278B-4DE0-4E9B-B415-9E21B4B70B4C}.Release|Any CPU.ActiveCfg = Release|Any CPU
		{BC3D278B-4DE0-4E9B-B415-9E21B4B70B4C}.Release|Any CPU.Build.0 = Release|Any CPU
		{6F589007-89E9-4E05-ADC1-9F7D9D42F243}.Debug|Any CPU.ActiveCfg = Debug|Any CPU
		{6F589007-89E9-4E05-ADC1-9F7D9D42F243}.Debug|Any CPU.Build.0 = Debug|Any CPU
		{6F589007-89E9-4E05-ADC1-9F7D9D42F243}.Release|Any CPU.ActiveCfg = Release|Any CPU
		{6F589007-89E9-4E05-ADC1-9F7D9D42F243}.Release|Any CPU.Build.0 = Release|Any CPU
		{C0E5D68D-F0CC-48DA-A16A-5B761C49441B}.Debug|Any CPU.ActiveCfg = Debug|Any CPU
		{C0E5D68D-F0CC-48DA-A16A-5B761C49441B}.Debug|Any CPU.Build.0 = Debug|Any CPU
		{C0E5D68D-F0CC-48DA-A16A-5B761C49441B}.Release|Any CPU.ActiveCfg = Release|Any CPU
		{C0E5D68D-F0CC-48DA-A16A-5B761C49441B}.Release|Any CPU.Build.0 = Release|Any CPU
		{ACF9CEBE-2D27-422E-80CE-6D7C20EC9E26}.Debug|Any CPU.ActiveCfg = Debug|Any CPU
		{ACF9CEBE-2D27-422E-80CE-6D7C20EC9E26}.Debug|Any CPU.Build.0 = Debug|Any CPU
		{ACF9CEBE-2D27-422E-80CE-6D7C20EC9E26}.Release|Any CPU.ActiveCfg = Release|Any CPU
		{ACF9CEBE-2D27-422E-80CE-6D7C20EC9E26}.Release|Any CPU.Build.0 = Release|Any CPU
		{CC73FEB8-5B1B-4FD8-9529-44315A4F4BA9}.Debug|Any CPU.ActiveCfg = Debug|Any CPU
		{CC73FEB8-5B1B-4FD8-9529-44315A4F4BA9}.Debug|Any CPU.Build.0 = Debug|Any CPU
		{CC73FEB8-5B1B-4FD8-9529-44315A4F4BA9}.Release|Any CPU.ActiveCfg = Release|Any CPU
		{CC73FEB8-5B1B-4FD8-9529-44315A4F4BA9}.Release|Any CPU.Build.0 = Release|Any CPU
	EndGlobalSection
	GlobalSection(NestedProjects) = preSolution
		{46D952AB-DD4F-4CA5-9659-4697657790E7} = {5DC6EF25-C438-49C4-BDCC-C4DF3CD110C2}
		{BC3D278B-4DE0-4E9B-B415-9E21B4B70B4C} = {5DC6EF25-C438-49C4-BDCC-C4DF3CD110C2}
		{46D2DB0D-ACA1-4D70-A0A2-AD2E6530C9D2} = {5DC6EF25-C438-49C4-BDCC-C4DF3CD110C2}
		{6F589007-89E9-4E05-ADC1-9F7D9D42F243} = {5DC6EF25-C438-49C4-BDCC-C4DF3CD110C2}
		{CC73FEB8-5B1B-4FD8-9529-44315A4F4BA9} = {A8AB15BA-FED9-4475-9DB3-A6D9117DA416}
	EndGlobalSection
EndGlobal
